
Microsoft Visual Studio Solution File, Format Version 12.00
# Visual Studio 15
VisualStudioVersion = 15.0.28307.1321
MinimumVisualStudioVersion = 10.0.40219.1
Project("{FAE04EC0-301F-11D3-BF4B-00C04F79EFBC}") = "ConsoleApp1", "ConsoleApp1\ConsoleApp1.csproj", "{04E5B8E4-D90E-4191-96D5-F71350EDFBAB}"
EndProject
Project("{FAE04EC0-301F-11D3-BF4B-00C04F79EFBC}") = "UnitTestProject1", "UnitTestProject1\UnitTestProject1.csproj", "{3C26BF7C-10B9-49E7-8814-A503935504A4}"
EndProject
Global
	GlobalSection(SolutionConfigurationPlatforms) = preSolution
		Debug|Any CPU = Debug|Any CPU
		Release|Any CPU = Release|Any CPU
	EndGlobalSection
	GlobalSection(ProjectConfigurationPlatforms) = postSolution
		{04E5B8E4-D90E-4191-96D5-F71350EDFBAB}.Debug|Any CPU.ActiveCfg = Debug|Any CPU
		{04E5B8E4-D90E-4191-96D5-F71350EDFBAB}.Debug|Any CPU.Build.0 = Debug|Any CPU
		{04E5B8E4-D90E-4191-96D5-F71350EDFBAB}.Release|Any CPU.ActiveCfg = Release|Any CPU
		{04E5B8E4-D90E-4191-96D5-F71350EDFBAB}.Release|Any CPU.Build.0 = Release|Any CPU
		{3C26BF7C-10B9-49E7-8814-A503935504A4}.Debug|Any CPU.ActiveCfg = Debug|Any CPU
		{3C26BF7C-10B9-49E7-8814-A503935504A4}.Debug|Any CPU.Build.0 = Debug|Any CPU
		{3C26BF7C-10B9-49E7-8814-A503935504A4}.Release|Any CPU.ActiveCfg = Release|Any CPU
		{3C26BF7C-10B9-49E7-8814-A503935504A4}.Release|Any CPU.Build.0 = Release|Any CPU
	EndGlobalSection
	GlobalSection(SolutionProperties) = preSolution
		HideSolutionNode = FALSE
	EndGlobalSection
	GlobalSection(ExtensibilityGlobals) = postSolution
		SolutionGuid = {B6B67735-B32E-4218-AB9C-F23045B30A31}
	EndGlobalSection
EndGlobal
